
Microsoft Visual Studio Solution File, Format Version 12.00
# Visual Studio Version 17
VisualStudioVersion = 17.5.33502.453
MinimumVisualStudioVersion = 10.0.40219.1
Project("{FAE04EC0-301F-11D3-BF4B-00C04F79EFBC}") = "NikonApp", "NikonApp\NikonApp.csproj", "{397F4E29-AB50-4BC9-BDC1-C98037678BA2}"
EndProject
Global
	GlobalSection(SolutionConfigurationPlatforms) = preSolution
		Debug|Any CPU = Debug|Any CPU
		Release|Any CPU = Release|Any CPU
	EndGlobalSection
	GlobalSection(ProjectConfigurationPlatforms) = postSolution
		{397F4E29-AB50-4BC9-BDC1-C98037678BA2}.Debug|Any CPU.ActiveCfg = Debug|Any CPU
		{397F4E29-AB50-4BC9-BDC1-C98037678BA2}.Debug|Any CPU.Build.0 = Debug|Any CPU
		{397F4E29-AB50-4BC9-BDC1-C98037678BA2}.Release|Any CPU.ActiveCfg = Release|Any CPU
		{397F4E29-AB50-4BC9-BDC1-C98037678BA2}.Release|Any CPU.Build.0 = Release|Any CPU
	EndGlobalSection
	GlobalSection(SolutionProperties) = preSolution
		HideSolutionNode = FALSE
	EndGlobalSection
	GlobalSection(ExtensibilityGlobals) = postSolution
		SolutionGuid = {BCCFD1FC-1F9D-4996-970B-13887E4E8D7A}
	EndGlobalSection
EndGlobal
